
Microsoft Visual Studio Solution File, Format Version 11.00
# Visual Studio 2010
Project("{2150E333-8FDC-42A3-9474-1A3956D46DE8}") = "Core", "Core", "{DFCE89D2-FCE1-43C6-A95E-8FB45DBED58B}"
EndProject
Project("{2150E333-8FDC-42A3-9474-1A3956D46DE8}") = "Apis", "Apis", "{D64BB0ED-29A8-4F8B-AEE3-711DCC56A3D9}"
EndProject
Project("{2150E333-8FDC-42A3-9474-1A3956D46DE8}") = "Tests", "Tests", "{0889B76C-6AFB-425C-B7AF-76F8F267E6BB}"
EndProject
Project("{FAE04EC0-301F-11D3-BF4B-00C04F79EFBC}") = "Rest4Net", "Rest4Net\Rest4Net.csproj", "{0EC1D7C7-2A45-49EC-A6B8-6AC6CFD5C74A}"
EndProject
Project("{FAE04EC0-301F-11D3-BF4B-00C04F79EFBC}") = "Rest4Net.IronMq", "Rest4Net.IronMq\Rest4Net.IronMq.csproj", "{030E0565-FCD8-42F0-A42B-F99659E19956}"
EndProject
Project("{FAE04EC0-301F-11D3-BF4B-00C04F79EFBC}") = "Rest4Net.IronMq.Tests", "Rest4Net.IronMq.Tests\Rest4Net.IronMq.Tests.csproj", "{8FD191CC-AD91-403C-BB3E-59ADD2F16AD6}"
EndProject
Project("{FAE04EC0-301F-11D3-BF4B-00C04F79EFBC}") = "Rest4Net.BitLy", "Rest4Net.BitLy\Rest4Net.BitLy.csproj", "{7C7C70B2-9EBD-4491-8A0E-EB5DD8347A0A}"
EndProject
Project("{FAE04EC0-301F-11D3-BF4B-00C04F79EFBC}") = "Rest4Net.BitLy.Tests", "Rest4Net.BitLy.Tests\Rest4Net.BitLy.Tests.csproj", "{99A1299C-73C9-44C3-BB56-0A725BA7BB76}"
EndProject
Project("{FAE04EC0-301F-11D3-BF4B-00C04F79EFBC}") = "Rest4Net.GoogleCustomSearch", "Rest4Net.GoogleCustomSearch\Rest4Net.GoogleCustomSearch.csproj", "{1F80C5B9-51F0-4A93-AE0B-49A8EA7D932A}"
EndProject
Project("{FAE04EC0-301F-11D3-BF4B-00C04F79EFBC}") = "Rest4Net.Tests", "Rest4Net.Tests\Rest4Net.Tests.csproj", "{7D74E4CB-4A23-4F59-98B5-85F816F94211}"
EndProject
Project("{FAE04EC0-301F-11D3-BF4B-00C04F79EFBC}") = "Rest4Net.GoogleCustomSearch.Tests", "Rest4Net.GoogleCustomSearch.Tests\Rest4Net.GoogleCustomSearch.Tests.csproj", "{60EE1F12-ADD7-4C19-8E38-CAA2E7A5F711}"
EndProject
Project("{FAE04EC0-301F-11D3-BF4B-00C04F79EFBC}") = "Rest4Net.IronCache", "Rest4Net.IronCache\Rest4Net.IronCache.csproj", "{7510D0FC-A57B-4BBD-B74D-81A8F723808C}"
EndProject
Project("{FAE04EC0-301F-11D3-BF4B-00C04F79EFBC}") = "Rest4Net.IronCache.Tests", "Rest4Net.IronCache.Tests\Rest4Net.IronCache.Tests.csproj", "{FBE18082-64BA-4895-8B6E-4D0DDC92334C}"
EndProject
Global
	GlobalSection(SolutionConfigurationPlatforms) = preSolution
		Debug|Any CPU = Debug|Any CPU
		Release|Any CPU = Release|Any CPU
	EndGlobalSection
	GlobalSection(ProjectConfigurationPlatforms) = postSolution
		{0EC1D7C7-2A45-49EC-A6B8-6AC6CFD5C74A}.Debug|Any CPU.ActiveCfg = Debug|Any CPU
		{0EC1D7C7-2A45-49EC-A6B8-6AC6CFD5C74A}.Debug|Any CPU.Build.0 = Debug|Any CPU
		{0EC1D7C7-2A45-49EC-A6B8-6AC6CFD5C74A}.Release|Any CPU.ActiveCfg = Release|Any CPU
		{0EC1D7C7-2A45-49EC-A6B8-6AC6CFD5C74A}.Release|Any CPU.Build.0 = Release|Any CPU
		{030E0565-FCD8-42F0-A42B-F99659E19956}.Debug|Any CPU.ActiveCfg = Debug|Any CPU
		{030E0565-FCD8-42F0-A42B-F99659E19956}.Debug|Any CPU.Build.0 = Debug|Any CPU
		{030E0565-FCD8-42F0-A42B-F99659E19956}.Release|Any CPU.ActiveCfg = Release|Any CPU
		{030E0565-FCD8-42F0-A42B-F99659E19956}.Release|Any CPU.Build.0 = Release|Any CPU
		{8FD191CC-AD91-403C-BB3E-59ADD2F16AD6}.Debug|Any CPU.ActiveCfg = Debug|Any CPU
		{8FD191CC-AD91-403C-BB3E-59ADD2F16AD6}.Debug|Any CPU.Build.0 = Debug|Any CPU
		{8FD191CC-AD91-403C-BB3E-59ADD2F16AD6}.Release|Any CPU.ActiveCfg = Release|Any CPU
		{8FD191CC-AD91-403C-BB3E-59ADD2F16AD6}.Release|Any CPU.Build.0 = Release|Any CPU
		{7C7C70B2-9EBD-4491-8A0E-EB5DD8347A0A}.Debug|Any CPU.ActiveCfg = Debug|Any CPU
		{7C7C70B2-9EBD-4491-8A0E-EB5DD8347A0A}.Debug|Any CPU.Build.0 = Debug|Any CPU
		{7C7C70B2-9EBD-4491-8A0E-EB5DD8347A0A}.Release|Any CPU.ActiveCfg = Release|Any CPU
		{7C7C70B2-9EBD-4491-8A0E-EB5DD8347A0A}.Release|Any CPU.Build.0 = Release|Any CPU
		{99A1299C-73C9-44C3-BB56-0A725BA7BB76}.Debug|Any CPU.ActiveCfg = Debug|Any CPU
		{99A1299C-73C9-44C3-BB56-0A725BA7BB76}.Debug|Any CPU.Build.0 = Debug|Any CPU
		{99A1299C-73C9-44C3-BB56-0A725BA7BB76}.Release|Any CPU.ActiveCfg = Release|Any CPU
		{99A1299C-73C9-44C3-BB56-0A725BA7BB76}.Release|Any CPU.Build.0 = Release|Any CPU
		{1F80C5B9-51F0-4A93-AE0B-49A8EA7D932A}.Debug|Any CPU.ActiveCfg = Debug|Any CPU
		{1F80C5B9-51F0-4A93-AE0B-49A8EA7D932A}.Debug|Any CPU.Build.0 = Debug|Any CPU
		{1F80C5B9-51F0-4A93-AE0B-49A8EA7D932A}.Release|Any CPU.ActiveCfg = Release|Any CPU
		{1F80C5B9-51F0-4A93-AE0B-49A8EA7D932A}.Release|Any CPU.Build.0 = Release|Any CPU
		{7D74E4CB-4A23-4F59-98B5-85F816F94211}.Debug|Any CPU.ActiveCfg = Debug|Any CPU
		{7D74E4CB-4A23-4F59-98B5-85F816F94211}.Debug|Any CPU.Build.0 = Debug|Any CPU
		{7D74E4CB-4A23-4F59-98B5-85F816F94211}.Release|Any CPU.ActiveCfg = Release|Any CPU
		{7D74E4CB-4A23-4F59-98B5-85F816F94211}.Release|Any CPU.Build.0 = Release|Any CPU
		{60EE1F12-ADD7-4C19-8E38-CAA2E7A5F711}.Debug|Any CPU.ActiveCfg = Debug|Any CPU
		{60EE1F12-ADD7-4C19-8E38-CAA2E7A5F711}.Debug|Any CPU.Build.0 = Debug|Any CPU
		{60EE1F12-ADD7-4C19-8E38-CAA2E7A5F711}.Release|Any CPU.ActiveCfg = Release|Any CPU
		{60EE1F12-ADD7-4C19-8E38-CAA2E7A5F711}.Release|Any CPU.Build.0 = Release|Any CPU
		{7510D0FC-A57B-4BBD-B74D-81A8F723808C}.Debug|Any CPU.ActiveCfg = Debug|Any CPU
		{7510D0FC-A57B-4BBD-B74D-81A8F723808C}.Debug|Any CPU.Build.0 = Debug|Any CPU
		{7510D0FC-A57B-4BBD-B74D-81A8F723808C}.Release|Any CPU.ActiveCfg = Release|Any CPU
		{7510D0FC-A57B-4BBD-B74D-81A8F723808C}.Release|Any CPU.Build.0 = Release|Any CPU
		{FBE18082-64BA-4895-8B6E-4D0DDC92334C}.Debug|Any CPU.ActiveCfg = Debug|Any CPU
		{FBE18082-64BA-4895-8B6E-4D0DDC92334C}.Debug|Any CPU.Build.0 = Debug|Any CPU
		{FBE18082-64BA-4895-8B6E-4D0DDC92334C}.Release|Any CPU.ActiveCfg = Release|Any CPU
		{FBE18082-64BA-4895-8B6E-4D0DDC92334C}.Release|Any CPU.Build.0 = Release|Any CPU
	EndGlobalSection
	GlobalSection(SolutionProperties) = preSolution
		HideSolutionNode = FALSE
	EndGlobalSection
	GlobalSection(NestedProjects) = preSolution
		{0EC1D7C7-2A45-49EC-A6B8-6AC6CFD5C74A} = {DFCE89D2-FCE1-43C6-A95E-8FB45DBED58B}
		{030E0565-FCD8-42F0-A42B-F99659E19956} = {D64BB0ED-29A8-4F8B-AEE3-711DCC56A3D9}
		{7C7C70B2-9EBD-4491-8A0E-EB5DD8347A0A} = {D64BB0ED-29A8-4F8B-AEE3-711DCC56A3D9}
		{1F80C5B9-51F0-4A93-AE0B-49A8EA7D932A} = {D64BB0ED-29A8-4F8B-AEE3-711DCC56A3D9}
		{7510D0FC-A57B-4BBD-B74D-81A8F723808C} = {D64BB0ED-29A8-4F8B-AEE3-711DCC56A3D9}
		{8FD191CC-AD91-403C-BB3E-59ADD2F16AD6} = {0889B76C-6AFB-425C-B7AF-76F8F267E6BB}
		{99A1299C-73C9-44C3-BB56-0A725BA7BB76} = {0889B76C-6AFB-425C-B7AF-76F8F267E6BB}
		{7D74E4CB-4A23-4F59-98B5-85F816F94211} = {0889B76C-6AFB-425C-B7AF-76F8F267E6BB}
		{60EE1F12-ADD7-4C19-8E38-CAA2E7A5F711} = {0889B76C-6AFB-425C-B7AF-76F8F267E6BB}
		{FBE18082-64BA-4895-8B6E-4D0DDC92334C} = {0889B76C-6AFB-425C-B7AF-76F8F267E6BB}
	EndGlobalSection
EndGlobal
